// !$*UTF8*$!
{
	archiveVersion = 1;
	classes = {
	};
	objectVersion = 46;
	objects = {

/* Begin PBXBuildFile section */
		4C4FD6DD1DEBB0F700C772FB /* Array+Extension.swift in Sources */ = {isa = PBXBuildFile; fileRef = 4C4FD6DC1DEBB0F700C772FB /* Array+Extension.swift */; };
		4C4FD6DF1DEBB11400C772FB /* UIViewController+Extension.swift in Sources */ = {isa = PBXBuildFile; fileRef = 4C4FD6DE1DEBB11400C772FB /* UIViewController+Extension.swift */; };
		4C4FD6E91DEBB27100C772FB /* DataManager.swift in Sources */ = {isa = PBXBuildFile; fileRef = 4C4FD6E81DEBB27100C772FB /* DataManager.swift */; };
		4C4FD6EF1DEBF60A00C772FB /* AddGroceryListViewController.swift in Sources */ = {isa = PBXBuildFile; fileRef = 4C4FD6EE1DEBF60A00C772FB /* AddGroceryListViewController.swift */; };
		4C4FD6F11DEBF69D00C772FB /* GroceryItemViewController.swift in Sources */ = {isa = PBXBuildFile; fileRef = 4C4FD6F01DEBF69D00C772FB /* GroceryItemViewController.swift */; };
		4C4FD6F31DEBF8E600C772FB /* AddGroceryItemViewController.swift in Sources */ = {isa = PBXBuildFile; fileRef = 4C4FD6F21DEBF8E600C772FB /* AddGroceryItemViewController.swift */; };
		8DC8D2E31DEB871C00BC2C32 /* AppDelegate.swift in Sources */ = {isa = PBXBuildFile; fileRef = 8DC8D2E21DEB871C00BC2C32 /* AppDelegate.swift */; };
		8DC8D2E51DEB871C00BC2C32 /* GroceryListViewController.swift in Sources */ = {isa = PBXBuildFile; fileRef = 8DC8D2E41DEB871C00BC2C32 /* GroceryListViewController.swift */; };
		8DC8D2E81DEB871C00BC2C32 /* Main.storyboard in Resources */ = {isa = PBXBuildFile; fileRef = 8DC8D2E61DEB871C00BC2C32 /* Main.storyboard */; };
		8DC8D2EB1DEB871C00BC2C32 /* GroceryApp.xcdatamodeld in Sources */ = {isa = PBXBuildFile; fileRef = 8DC8D2E91DEB871C00BC2C32 /* GroceryApp.xcdatamodeld */; };
		8DC8D2ED1DEB871C00BC2C32 /* Assets.xcassets in Resources */ = {isa = PBXBuildFile; fileRef = 8DC8D2EC1DEB871C00BC2C32 /* Assets.xcassets */; };
		8DC8D2F01DEB871C00BC2C32 /* LaunchScreen.storyboard in Resources */ = {isa = PBXBuildFile; fileRef = 8DC8D2EE1DEB871C00BC2C32 /* LaunchScreen.storyboard */; };
		8DE6EF9E1DECB09D00DAB5D0 /* Item+CoreDataClass.swift in Sources */ = {isa = PBXBuildFile; fileRef = 8DE6EF9A1DECB09D00DAB5D0 /* Item+CoreDataClass.swift */; };
		8DE6EF9F1DECB09D00DAB5D0 /* Item+CoreDataProperties.swift in Sources */ = {isa = PBXBuildFile; fileRef = 8DE6EF9B1DECB09D00DAB5D0 /* Item+CoreDataProperties.swift */; };
		8DE6EFA01DECB09D00DAB5D0 /* List+CoreDataClass.swift in Sources */ = {isa = PBXBuildFile; fileRef = 8DE6EF9C1DECB09D00DAB5D0 /* List+CoreDataClass.swift */; };
		8DE6EFA11DECB09D00DAB5D0 /* List+CoreDataProperties.swift in Sources */ = {isa = PBXBuildFile; fileRef = 8DE6EF9D1DECB09D00DAB5D0 /* List+CoreDataProperties.swift */; };
/* End PBXBuildFile section */

/* Begin PBXFileReference section */
		4C4FD6DC1DEBB0F700C772FB /* Array+Extension.swift */ = {isa = PBXFileReference; fileEncoding = 4; lastKnownFileType = sourcecode.swift; path = "Array+Extension.swift"; sourceTree = "<group>"; };
		4C4FD6DE1DEBB11400C772FB /* UIViewController+Extension.swift */ = {isa = PBXFileReference; fileEncoding = 4; lastKnownFileType = sourcecode.swift; path = "UIViewController+Extension.swift"; sourceTree = "<group>"; };
		4C4FD6E81DEBB27100C772FB /* DataManager.swift */ = {isa = PBXFileReference; fileEncoding = 4; lastKnownFileType = sourcecode.swift; path = DataManager.swift; sourceTree = "<group>"; };
		4C4FD6EE1DEBF60A00C772FB /* AddGroceryListViewController.swift */ = {isa = PBXFileReference; fileEncoding = 4; lastKnownFileType = sourcecode.swift; path = AddGroceryListViewController.swift; sourceTree = "<group>"; };
		4C4FD6F01DEBF69D00C772FB /* GroceryItemViewController.swift */ = {isa = PBXFileReference; fileEncoding = 4; lastKnownFileType = sourcecode.swift; path = GroceryItemViewController.swift; sourceTree = "<group>"; };
		4C4FD6F21DEBF8E600C772FB /* AddGroceryItemViewController.swift */ = {isa = PBXFileReference; fileEncoding = 4; lastKnownFileType = sourcecode.swift; path = AddGroceryItemViewController.swift; sourceTree = "<group>"; };
		8DC8D2DF1DEB871C00BC2C32 /* GroceryApp.app */ = {isa = PBXFileReference; explicitFileType = wrapper.application; includeInIndex = 0; path = GroceryApp.app; sourceTree = BUILT_PRODUCTS_DIR; };
		8DC8D2E21DEB871C00BC2C32 /* AppDelegate.swift */ = {isa = PBXFileReference; lastKnownFileType = sourcecode.swift; path = AppDelegate.swift; sourceTree = "<group>"; };
		8DC8D2E41DEB871C00BC2C32 /* GroceryListViewController.swift */ = {isa = PBXFileReference; lastKnownFileType = sourcecode.swift; path = GroceryListViewController.swift; sourceTree = "<group>"; wrapsLines = 1; };
		8DC8D2E71DEB871C00BC2C32 /* Base */ = {isa = PBXFileReference; lastKnownFileType = file.storyboard; name = Base; path = Base.lproj/Main.storyboard; sourceTree = "<group>"; };
		8DC8D2EA1DEB871C00BC2C32 /* GroceryApp.xcdatamodel */ = {isa = PBXFileReference; lastKnownFileType = wrapper.xcdatamodel; path = GroceryApp.xcdatamodel; sourceTree = "<group>"; };
		8DC8D2EC1DEB871C00BC2C32 /* Assets.xcassets */ = {isa = PBXFileReference; lastKnownFileType = folder.assetcatalog; path = Assets.xcassets; sourceTree = "<group>"; };
		8DC8D2EF1DEB871C00BC2C32 /* Base */ = {isa = PBXFileReference; lastKnownFileType = file.storyboard; name = Base; path = Base.lproj/LaunchScreen.storyboard; sourceTree = "<group>"; };
		8DC8D2F11DEB871C00BC2C32 /* Info.plist */ = {isa = PBXFileReference; lastKnownFileType = text.plist.xml; path = Info.plist; sourceTree = "<group>"; };
		8DE6EF9A1DECB09D00DAB5D0 /* Item+CoreDataClass.swift */ = {isa = PBXFileReference; fileEncoding = 4; lastKnownFileType = sourcecode.swift; path = "Item+CoreDataClass.swift"; sourceTree = "<group>"; };
		8DE6EF9B1DECB09D00DAB5D0 /* Item+CoreDataProperties.swift */ = {isa = PBXFileReference; fileEncoding = 4; lastKnownFileType = sourcecode.swift; path = "Item+CoreDataProperties.swift"; sourceTree = "<group>"; };
		8DE6EF9C1DECB09D00DAB5D0 /* List+CoreDataClass.swift */ = {isa = PBXFileReference; fileEncoding = 4; lastKnownFileType = sourcecode.swift; path = "List+CoreDataClass.swift"; sourceTree = "<group>"; };
		8DE6EF9D1DECB09D00DAB5D0 /* List+CoreDataProperties.swift */ = {isa = PBXFileReference; fileEncoding = 4; lastKnownFileType = sourcecode.swift; path = "List+CoreDataProperties.swift"; sourceTree = "<group>"; };
/* End PBXFileReference section */

/* Begin PBXFrameworksBuildPhase section */
		8DC8D2DC1DEB871C00BC2C32 /* Frameworks */ = {
			isa = PBXFrameworksBuildPhase;
			buildActionMask = 2147483647;
			files = (
			);
			runOnlyForDeploymentPostprocessing = 0;
		};
/* End PBXFrameworksBuildPhase section */

/* Begin PBXGroup section */
		4C4FD6DA1DEBB01600C772FB /* Extensions */ = {
			isa = PBXGroup;
			children = (
				4C4FD6DC1DEBB0F700C772FB /* Array+Extension.swift */,
				4C4FD6DE1DEBB11400C772FB /* UIViewController+Extension.swift */,
			);
			name = Extensions;
			sourceTree = "<group>";
		};
		4C4FD6DB1DEBB02600C772FB /* Data */ = {
			isa = PBXGroup;
			children = (
				8DE6EF9A1DECB09D00DAB5D0 /* Item+CoreDataClass.swift */,
				8DE6EF9B1DECB09D00DAB5D0 /* Item+CoreDataProperties.swift */,
				8DE6EF9C1DECB09D00DAB5D0 /* List+CoreDataClass.swift */,
				8DE6EF9D1DECB09D00DAB5D0 /* List+CoreDataProperties.swift */,
				4C4FD6E81DEBB27100C772FB /* DataManager.swift */,
			);
			name = Data;
			sourceTree = "<group>";
		};
		4C4FD6ED1DEBF48300C772FB /* View Controllers */ = {
			isa = PBXGroup;
			children = (
				8DC8D2E41DEB871C00BC2C32 /* GroceryListViewController.swift */,
				4C4FD6EE1DEBF60A00C772FB /* AddGroceryListViewController.swift */,
				4C4FD6F01DEBF69D00C772FB /* GroceryItemViewController.swift */,
				4C4FD6F21DEBF8E600C772FB /* AddGroceryItemViewController.swift */,
			);
			name = "View Controllers";
			sourceTree = "<group>";
		};
		8DC8D2D61DEB871C00BC2C32 = {
			isa = PBXGroup;
			children = (
				8DC8D2E11DEB871C00BC2C32 /* GroceryApp */,
				8DC8D2E01DEB871C00BC2C32 /* Products */,
			);
			sourceTree = "<group>";
		};
		8DC8D2E01DEB871C00BC2C32 /* Products */ = {
			isa = PBXGroup;
			children = (
				8DC8D2DF1DEB871C00BC2C32 /* GroceryApp.app */,
			);
			name = Products;
			sourceTree = "<group>";
		};
		8DC8D2E11DEB871C00BC2C32 /* GroceryApp */ = {
			isa = PBXGroup;
			children = (
				8DC8D2E21DEB871C00BC2C32 /* AppDelegate.swift */,
				4C4FD6DA1DEBB01600C772FB /* Extensions */,
				4C4FD6DB1DEBB02600C772FB /* Data */,
				4C4FD6ED1DEBF48300C772FB /* View Controllers */,
				8DC8D2E61DEB871C00BC2C32 /* Main.storyboard */,
				8DC8D2EC1DEB871C00BC2C32 /* Assets.xcassets */,
				8DC8D2EE1DEB871C00BC2C32 /* LaunchScreen.storyboard */,
				8DC8D2F11DEB871C00BC2C32 /* Info.plist */,
				8DC8D2E91DEB871C00BC2C32 /* GroceryApp.xcdatamodeld */,
			);
			path = GroceryApp;
			sourceTree = "<group>";
		};
/* End PBXGroup section */

/* Begin PBXNativeTarget section */
		8DC8D2DE1DEB871C00BC2C32 /* GroceryApp */ = {
			isa = PBXNativeTarget;
			buildConfigurationList = 8DC8D2F41DEB871C00BC2C32 /* Build configuration list for PBXNativeTarget "GroceryApp" */;
			buildPhases = (
				8DC8D2DB1DEB871C00BC2C32 /* Sources */,
				8DC8D2DC1DEB871C00BC2C32 /* Frameworks */,
				8DC8D2DD1DEB871C00BC2C32 /* Resources */,
			);
			buildRules = (
			);
			dependencies = (
			);
			name = GroceryApp;
			productName = GroceryApp;
			productReference = 8DC8D2DF1DEB871C00BC2C32 /* GroceryApp.app */;
			productType = "com.apple.product-type.application";
		};
/* End PBXNativeTarget section */

/* Begin PBXProject section */
		8DC8D2D71DEB871C00BC2C32 /* Project object */ = {
			isa = PBXProject;
			attributes = {
				LastSwiftUpdateCheck = 0810;
				LastUpgradeCheck = 0820;
				ORGANIZATIONNAME = "Barry, Elh";
				TargetAttributes = {
					8DC8D2DE1DEB871C00BC2C32 = {
						CreatedOnToolsVersion = 8.1;
						DevelopmentTeam = Q2N8D8S7DY;
						ProvisioningStyle = Automatic;
					};
				};
			};
			buildConfigurationList = 8DC8D2DA1DEB871C00BC2C32 /* Build configuration list for PBXProject "GroceryApp" */;
			compatibilityVersion = "Xcode 3.2";
			developmentRegion = English;
			hasScannedForEncodings = 0;
			knownRegions = (
				en,
				Base,
			);
			mainGroup = 8DC8D2D61DEB871C00BC2C32;
			productRefGroup = 8DC8D2E01DEB871C00BC2C32 /* Products */;
			projectDirPath = "";
			projectRoot = "";
			targets = (
				8DC8D2DE1DEB871C00BC2C32 /* GroceryApp */,
			);
		};
/* End PBXProject section */

/* Begin PBXResourcesBuildPhase section */
		8DC8D2DD1DEB871C00BC2C32 /* Resources */ = {
			isa = PBXResourcesBuildPhase;
			buildActionMask = 2147483647;
			files = (
				8DC8D2F01DEB871C00BC2C32 /* LaunchScreen.storyboard in Resources */,
				8DC8D2ED1DEB871C00BC2C32 /* Assets.xcassets in Resources */,
				8DC8D2E81DEB871C00BC2C32 /* Main.storyboard in Resources */,
			);
			runOnlyForDeploymentPostprocessing = 0;
		};
/* End PBXResourcesBuildPhase section */

/* Begin PBXSourcesBuildPhase section */
		8DC8D2DB1DEB871C00BC2C32 /* Sources */ = {
			isa = PBXSourcesBuildPhase;
			buildActionMask = 2147483647;
			files = (
				8DE6EFA11DECB09D00DAB5D0 /* List+CoreDataProperties.swift in Sources */,
				8DE6EF9E1DECB09D00DAB5D0 /* Item+CoreDataClass.swift in Sources */,
				8DC8D2E51DEB871C00BC2C32 /* GroceryListViewController.swift in Sources */,
				4C4FD6E91DEBB27100C772FB /* DataManager.swift in Sources */,
				4C4FD6F31DEBF8E600C772FB /* AddGroceryItemViewController.swift in Sources */,
				8DC8D2E31DEB871C00BC2C32 /* AppDelegate.swift in Sources */,
				4C4FD6F11DEBF69D00C772FB /* GroceryItemViewController.swift in Sources */,
				8DC8D2EB1DEB871C00BC2C32 /* GroceryApp.xcdatamodeld in Sources */,
				8DE6EFA01DECB09D00DAB5D0 /* List+CoreDataClass.swift in Sources */,
				4C4FD6EF1DEBF60A00C772FB /* AddGroceryListViewController.swift in Sources */,
				4C4FD6DF1DEBB11400C772FB /* UIViewController+Extension.swift in Sources */,
				8DE6EF9F1DECB09D00DAB5D0 /* Item+CoreDataProperties.swift in Sources */,
				4C4FD6DD1DEBB0F700C772FB /* Array+Extension.swift in Sources */,
			);
			runOnlyForDeploymentPostprocessing = 0;
		};
/* End PBXSourcesBuildPhase section */

/* Begin PBXVariantGroup section */
		8DC8D2E61DEB871C00BC2C32 /* Main.storyboard */ = {
			isa = PBXVariantGroup;
			children = (
				8DC8D2E71DEB871C00BC2C32 /* Base */,
			);
			name = Main.storyboard;
			sourceTree = "<group>";
		};
		8DC8D2EE1DEB871C00BC2C32 /* LaunchScreen.storyboard */ = {
			isa = PBXVariantGroup;
			children = (
				8DC8D2EF1DEB871C00BC2C32 /* Base */,
			);
			name = LaunchScreen.storyboard;
			sourceTree = "<group>";
		};
/* End PBXVariantGroup section */

/* Begin XCBuildConfiguration section */
		8DC8D2F21DEB871C00BC2C32 /* Debug */ = {
			isa = XCBuildConfiguration;
			buildSettings = {
				ALWAYS_SEARCH_USER_PATHS = NO;
				CLANG_ANALYZER_NONNULL = YES;
				CLANG_CXX_LANGUAGE_STANDARD = "gnu++0x";
				CLANG_CXX_LIBRARY = "libc++";
				CLANG_ENABLE_MODULES = YES;
				CLANG_ENABLE_OBJC_ARC = YES;
				CLANG_WARN_BOOL_CONVERSION = YES;
				CLANG_WARN_CONSTANT_CONVERSION = YES;
				CLANG_WARN_DIRECT_OBJC_ISA_USAGE = YES_ERROR;
				CLANG_WARN_DOCUMENTATION_COMMENTS = YES;
				CLANG_WARN_EMPTY_BODY = YES;
				CLANG_WARN_ENUM_CONVERSION = YES;
				CLANG_WARN_INFINITE_RECURSION = YES;
				CLANG_WARN_INT_CONVERSION = YES;
				CLANG_WARN_OBJC_ROOT_CLASS = YES_ERROR;
				CLANG_WARN_SUSPICIOUS_MOVE = YES;
				CLANG_WARN_SUSPICIOUS_MOVES = YES;
				CLANG_WARN_UNREACHABLE_CODE = YES;
				CLANG_WARN__DUPLICATE_METHOD_MATCH = YES;
				"CODE_SIGN_IDENTITY[sdk=iphoneos*]" = "iPhone Developer";
				COPY_PHASE_STRIP = NO;
				DEBUG_INFORMATION_FORMAT = dwarf;
				ENABLE_STRICT_OBJC_MSGSEND = YES;
				ENABLE_TESTABILITY = YES;
				GCC_C_LANGUAGE_STANDARD = gnu99;
				GCC_DYNAMIC_NO_PIC = NO;
				GCC_NO_COMMON_BLOCKS = YES;
				GCC_OPTIMIZATION_LEVEL = 0;
				GCC_PREPROCESSOR_DEFINITIONS = (
					"DEBUG=1",
					"$(inherited)",
				);
				GCC_WARN_64_TO_32_BIT_CONVERSION = YES;
				GCC_WARN_ABOUT_RETURN_TYPE = YES_ERROR;
				GCC_WARN_UNDECLARED_SELECTOR = YES;
				GCC_WARN_UNINITIALIZED_AUTOS = YES_AGGRESSIVE;
				GCC_WARN_UNUSED_FUNCTION = YES;
				GCC_WARN_UNUSED_VARIABLE = YES;
				IPHONEOS_DEPLOYMENT_TARGET = 10.1;
				MTL_ENABLE_DEBUG_INFO = YES;
				ONLY_ACTIVE_ARCH = YES;
				SDKROOT = iphoneos;
				SWIFT_ACTIVE_COMPILATION_CONDITIONS = DEBUG;
				SWIFT_OPTIMIZATION_LEVEL = "-Onone";
				TARGETED_DEVICE_FAMILY = "1,2";
			};
			name = Debug;
		};
		8DC8D2F31DEB871C00BC2C32 /* Release */ = {
			isa = XCBuildConfiguration;
			buildSettings = {
				ALWAYS_SEARCH_USER_PATHS = NO;
				CLANG_ANALYZER_NONNULL = YES;
				CLANG_CXX_LANGUAGE_STANDARD = "gnu++0x";
				CLANG_CXX_LIBRARY = "libc++";
				CLANG_ENABLE_MODULES = YES;
				CLANG_ENABLE_OBJC_ARC = YES;
				CLANG_WARN_BOOL_CONVERSION = YES;
				CLANG_WARN_CONSTANT_CONVERSION = YES;
				CLANG_WARN_DIRECT_OBJC_ISA_USAGE = YES_ERROR;
				CLANG_WARN_DOCUMENTATION_COMMENTS = YES;
				CLANG_WARN_EMPTY_BODY = YES;
				CLANG_WARN_ENUM_CONVERSION = YES;
				CLANG_WARN_INFINITE_RECURSION = YES;
				CLANG_WARN_INT_CONVERSION = YES;
				CLANG_WARN_OBJC_ROOT_CLASS = YES_ERROR;
				CLANG_WARN_SUSPICIOUS_MOVE = YES;
				CLANG_WARN_SUSPICIOUS_MOVES = YES;
				CLANG_WARN_UNREACHABLE_CODE = YES;
				CLANG_WARN__DUPLICATE_METHOD_MATCH = YES;
				"CODE_SIGN_IDENTITY[sdk=iphoneos*]" = "iPhone Developer";
				COPY_PHASE_STRIP = NO;
				DEBUG_INFORMATION_FORMAT = "dwarf-with-dsym";
				ENABLE_NS_ASSERTIONS = NO;
				ENABLE_STRICT_OBJC_MSGSEND = YES;
				GCC_C_LANGUAGE_STANDARD = gnu99;
				GCC_NO_COMMON_BLOCKS = YES;
				GCC_WARN_64_TO_32_BIT_CONVERSION = YES;
				GCC_WARN_ABOUT_RETURN_TYPE = YES_ERROR;
				GCC_WARN_UNDECLARED_SELECTOR = YES;
				GCC_WARN_UNINITIALIZED_AUTOS = YES_AGGRESSIVE;
				GCC_WARN_UNUSED_FUNCTION = YES;
				GCC_WARN_UNUSED_VARIABLE = YES;
				IPHONEOS_DEPLOYMENT_TARGET = 10.1;
				MTL_ENABLE_DEBUG_INFO = NO;
				SDKROOT = iphoneos;
				SWIFT_OPTIMIZATION_LEVEL = "-Owholemodule";
				TARGETED_DEVICE_FAMILY = "1,2";
				VALIDATE_PRODUCT = YES;
			};
			name = Release;
		};
		8DC8D2F51DEB871C00BC2C32 /* Debug */ = {
			isa = XCBuildConfiguration;
			buildSettings = {
				ASSETCATALOG_COMPILER_APPICON_NAME = AppIcon;
				DEVELOPMENT_TEAM = Q2N8D8S7DY;
				INFOPLIST_FILE = GroceryApp/Info.plist;
				LD_RUNPATH_SEARCH_PATHS = "$(inherited) @executable_path/Frameworks";
				PRODUCT_BUNDLE_IDENTIFIER = com.ebarry.GroceryApp;
				PRODUCT_NAME = "$(TARGET_NAME)";
				SWIFT_VERSION = 3.0;
			};
			name = Debug;
		};
		8DC8D2F61DEB871C00BC2C32 /* Release */ = {
			isa = XCBuildConfiguration;
			buildSettings = {
				ASSETCATALOG_COMPILER_APPICON_NAME = AppIcon;
				DEVELOPMENT_TEAM = Q2N8D8S7DY;
				INFOPLIST_FILE = GroceryApp/Info.plist;
				LD_RUNPATH_SEARCH_PATHS = "$(inherited) @executable_path/Frameworks";
				PRODUCT_BUNDLE_IDENTIFIER = com.ebarry.GroceryApp;
				PRODUCT_NAME = "$(TARGET_NAME)";
				SWIFT_VERSION = 3.0;
			};
			name = Release;
		};
/* End XCBuildConfiguration section */

/* Begin XCConfigurationList section */
		8DC8D2DA1DEB871C00BC2C32 /* Build configuration list for PBXProject "GroceryApp" */ = {
			isa = XCConfigurationList;
			buildConfigurations = (
				8DC8D2F21DEB871C00BC2C32 /* Debug */,
				8DC8D2F31DEB871C00BC2C32 /* Release */,
			);
			defaultConfigurationIsVisible = 0;
			defaultConfigurationName = Release;
		};
		8DC8D2F41DEB871C00BC2C32 /* Build configuration list for PBXNativeTarget "GroceryApp" */ = {
			isa = XCConfigurationList;
			buildConfigurations = (
				8DC8D2F51DEB871C00BC2C32 /* Debug */,
				8DC8D2F61DEB871C00BC2C32 /* Release */,
			);
			defaultConfigurationIsVisible = 0;
			defaultConfigurationName = Release;
		};
/* End XCConfigurationList section */

/* Begin XCVersionGroup section */
		8DC8D2E91DEB871C00BC2C32 /* GroceryApp.xcdatamodeld */ = {
			isa = XCVersionGroup;
			children = (
				8DC8D2EA1DEB871C00BC2C32 /* GroceryApp.xcdatamodel */,
			);
			currentVersion = 8DC8D2EA1DEB871C00BC2C32 /* GroceryApp.xcdatamodel */;
			path = GroceryApp.xcdatamodeld;
			sourceTree = "<group>";
			versionGroupType = wrapper.xcdatamodel;
		};
/* End XCVersionGroup section */
	};
	rootObject = 8DC8D2D71DEB871C00BC2C32 /* Project object */;
}
